
Microsoft Visual Studio Solution File, Format Version 12.00
# Visual Studio Version 16
VisualStudioVersion = 16.0.31702.278
MinimumVisualStudioVersion = 10.0.40219.1
Project("{FAE04EC0-301F-11D3-BF4B-00C04F79EFBC}") = "SistemaGestionMusical", "SistemaGestionMusical\SistemaGestionMusical.csproj", "{CC456F4E-C8C7-4103-8710-605AAFCF6580}"
EndProject
Global
	GlobalSection(SolutionConfigurationPlatforms) = preSolution
		Debug|Any CPU = Debug|Any CPU
		Release|Any CPU = Release|Any CPU
	EndGlobalSection
	GlobalSection(ProjectConfigurationPlatforms) = postSolution
		{CC456F4E-C8C7-4103-8710-605AAFCF6580}.Debug|Any CPU.ActiveCfg = Debug|Any CPU
		{CC456F4E-C8C7-4103-8710-605AAFCF6580}.Debug|Any CPU.Build.0 = Debug|Any CPU
		{CC456F4E-C8C7-4103-8710-605AAFCF6580}.Release|Any CPU.ActiveCfg = Release|Any CPU
		{CC456F4E-C8C7-4103-8710-605AAFCF6580}.Release|Any CPU.Build.0 = Release|Any CPU
	EndGlobalSection
	GlobalSection(SolutionProperties) = preSolution
		HideSolutionNode = FALSE
	EndGlobalSection
	GlobalSection(ExtensibilityGlobals) = postSolution
		SolutionGuid = {8706542B-A540-4209-A743-F7F02A639CB0}
	EndGlobalSection
EndGlobal
